// !$*UTF8*$!
{
	archiveVersion = 1;
	classes = {
	};
	objectVersion = 46;
	objects = {

/* Begin PBXBuildFile section */
		619D246F1EC16B0100BB518F /* AppDelegate.swift in Sources */ = {isa = PBXBuildFile; fileRef = 619D246E1EC16B0100BB518F /* AppDelegate.swift */; };
		619D24741EC16B0100BB518F /* Main.storyboard in Resources */ = {isa = PBXBuildFile; fileRef = 619D24721EC16B0100BB518F /* Main.storyboard */; };
		619D24761EC16B0100BB518F /* Assets.xcassets in Resources */ = {isa = PBXBuildFile; fileRef = 619D24751EC16B0100BB518F /* Assets.xcassets */; };
		619D24791EC16B0100BB518F /* LaunchScreen.storyboard in Resources */ = {isa = PBXBuildFile; fileRef = 619D24771EC16B0100BB518F /* LaunchScreen.storyboard */; };
		619D24811EC16BA000BB518F /* GoogleService-Info.plist in Resources */ = {isa = PBXBuildFile; fileRef = 619D24801EC16BA000BB518F /* GoogleService-Info.plist */; };
		61C321631EC170AA000C7BF8 /* SignupViewController.swift in Sources */ = {isa = PBXBuildFile; fileRef = 61C321621EC170AA000C7BF8 /* SignupViewController.swift */; };
		61C321651EC183D4000C7BF8 /* LoginViewController.swift in Sources */ = {isa = PBXBuildFile; fileRef = 61C321641EC183D4000C7BF8 /* LoginViewController.swift */; };
		61C321671EC189ED000C7BF8 /* UserCell.swift in Sources */ = {isa = PBXBuildFile; fileRef = 61C321661EC189ED000C7BF8 /* UserCell.swift */; };
		61C321691EC18C0B000C7BF8 /* UsersViewController.swift in Sources */ = {isa = PBXBuildFile; fileRef = 61C321681EC18C0B000C7BF8 /* UsersViewController.swift */; };
		61C3216F1EC18E0F000C7BF8 /* User.swift in Sources */ = {isa = PBXBuildFile; fileRef = 61C3216E1EC18E0F000C7BF8 /* User.swift */; };
		61C321711EC225D9000C7BF8 /* UploadViewController.swift in Sources */ = {isa = PBXBuildFile; fileRef = 61C321701EC225D9000C7BF8 /* UploadViewController.swift */; };
		A3B260B19CAD46E6EC63AB8E /* Pods_Crative.framework in Frameworks */ = {isa = PBXBuildFile; fileRef = 0B51B9A432D48EDA6E635FDF /* Pods_Crative.framework */; };
/* End PBXBuildFile section */

/* Begin PBXFileReference section */
		0B51B9A432D48EDA6E635FDF /* Pods_Crative.framework */ = {isa = PBXFileReference; explicitFileType = wrapper.framework; includeInIndex = 0; path = Pods_Crative.framework; sourceTree = BUILT_PRODUCTS_DIR; };
		5BD184CEAD2060375FCC45B4 /* Pods-Crative.release.xcconfig */ = {isa = PBXFileReference; includeInIndex = 1; lastKnownFileType = text.xcconfig; name = "Pods-Crative.release.xcconfig"; path = "Pods/Target Support Files/Pods-Crative/Pods-Crative.release.xcconfig"; sourceTree = "<group>"; };
		619D246B1EC16B0100BB518F /* Crative.app */ = {isa = PBXFileReference; explicitFileType = wrapper.application; includeInIndex = 0; path = Crative.app; sourceTree = BUILT_PRODUCTS_DIR; };
		619D246E1EC16B0100BB518F /* AppDelegate.swift */ = {isa = PBXFileReference; lastKnownFileType = sourcecode.swift; path = AppDelegate.swift; sourceTree = "<group>"; };
		619D24731EC16B0100BB518F /* Base */ = {isa = PBXFileReference; lastKnownFileType = file.storyboard; name = Base; path = Base.lproj/Main.storyboard; sourceTree = "<group>"; };
		619D24751EC16B0100BB518F /* Assets.xcassets */ = {isa = PBXFileReference; lastKnownFileType = folder.assetcatalog; path = Assets.xcassets; sourceTree = "<group>"; };
		619D24781EC16B0100BB518F /* Base */ = {isa = PBXFileReference; lastKnownFileType = file.storyboard; name = Base; path = Base.lproj/LaunchScreen.storyboard; sourceTree = "<group>"; };
		619D247A1EC16B0100BB518F /* Info.plist */ = {isa = PBXFileReference; lastKnownFileType = text.plist.xml; path = Info.plist; sourceTree = "<group>"; };
		619D24801EC16BA000BB518F /* GoogleService-Info.plist */ = {isa = PBXFileReference; fileEncoding = 4; lastKnownFileType = text.plist.xml; path = "GoogleService-Info.plist"; sourceTree = "<group>"; };
		61C321621EC170AA000C7BF8 /* SignupViewController.swift */ = {isa = PBXFileReference; fileEncoding = 4; lastKnownFileType = sourcecode.swift; path = SignupViewController.swift; sourceTree = "<group>"; };
		61C321641EC183D4000C7BF8 /* LoginViewController.swift */ = {isa = PBXFileReference; fileEncoding = 4; lastKnownFileType = sourcecode.swift; path = LoginViewController.swift; sourceTree = "<group>"; };
		61C321661EC189ED000C7BF8 /* UserCell.swift */ = {isa = PBXFileReference; fileEncoding = 4; lastKnownFileType = sourcecode.swift; path = UserCell.swift; sourceTree = "<group>"; };
		61C321681EC18C0B000C7BF8 /* UsersViewController.swift */ = {isa = PBXFileReference; fileEncoding = 4; lastKnownFileType = sourcecode.swift; path = UsersViewController.swift; sourceTree = "<group>"; };
		61C3216E1EC18E0F000C7BF8 /* User.swift */ = {isa = PBXFileReference; fileEncoding = 4; lastKnownFileType = sourcecode.swift; path = User.swift; sourceTree = "<group>"; };
		61C321701EC225D9000C7BF8 /* UploadViewController.swift */ = {isa = PBXFileReference; fileEncoding = 4; lastKnownFileType = sourcecode.swift; path = UploadViewController.swift; sourceTree = "<group>"; };
		CC4106E7503835AB1A2E5A0C /* Pods-Crative.debug.xcconfig */ = {isa = PBXFileReference; includeInIndex = 1; lastKnownFileType = text.xcconfig; name = "Pods-Crative.debug.xcconfig"; path = "Pods/Target Support Files/Pods-Crative/Pods-Crative.debug.xcconfig"; sourceTree = "<group>"; };
/* End PBXFileReference section */

/* Begin PBXFrameworksBuildPhase section */
		619D24681EC16B0000BB518F /* Frameworks */ = {
			isa = PBXFrameworksBuildPhase;
			buildActionMask = 2147483647;
			files = (
				A3B260B19CAD46E6EC63AB8E /* Pods_Crative.framework in Frameworks */,
			);
			runOnlyForDeploymentPostprocessing = 0;
		};
/* End PBXFrameworksBuildPhase section */

/* Begin PBXGroup section */
		619D24621EC16B0000BB518F = {
			isa = PBXGroup;
			children = (
				619D246D1EC16B0100BB518F /* Crative */,
				619D246C1EC16B0100BB518F /* Products */,
				961542E0EA6FDF7EFC6AE661 /* Pods */,
				659D33454BC7D3EA8CC00395 /* Frameworks */,
			);
			sourceTree = "<group>";
		};
		619D246C1EC16B0100BB518F /* Products */ = {
			isa = PBXGroup;
			children = (
				619D246B1EC16B0100BB518F /* Crative.app */,
			);
			name = Products;
			sourceTree = "<group>";
		};
		619D246D1EC16B0100BB518F /* Crative */ = {
			isa = PBXGroup;
			children = (
				61C3216D1EC18DED000C7BF8 /* Objects */,
				61C3216B1EC18DD1000C7BF8 /* Custom Cells */,
				61C3216A1EC18DC2000C7BF8 /* View Controllers */,
				619D246E1EC16B0100BB518F /* AppDelegate.swift */,
				619D24721EC16B0100BB518F /* Main.storyboard */,
				619D24751EC16B0100BB518F /* Assets.xcassets */,
				619D24771EC16B0100BB518F /* LaunchScreen.storyboard */,
				619D247A1EC16B0100BB518F /* Info.plist */,
				619D24801EC16BA000BB518F /* GoogleService-Info.plist */,
			);
			path = Crative;
			sourceTree = "<group>";
		};
		61C3216A1EC18DC2000C7BF8 /* View Controllers */ = {
			isa = PBXGroup;
			children = (
				61C321621EC170AA000C7BF8 /* SignupViewController.swift */,
				61C321641EC183D4000C7BF8 /* LoginViewController.swift */,
				61C321681EC18C0B000C7BF8 /* UsersViewController.swift */,
				61C321701EC225D9000C7BF8 /* UploadViewController.swift */,
			);
			name = "View Controllers";
			sourceTree = "<group>";
		};
		61C3216B1EC18DD1000C7BF8 /* Custom Cells */ = {
			isa = PBXGroup;
			children = (
				61C321661EC189ED000C7BF8 /* UserCell.swift */,
			);
			name = "Custom Cells";
			sourceTree = "<group>";
		};
		61C3216D1EC18DED000C7BF8 /* Objects */ = {
			isa = PBXGroup;
			children = (
				61C3216E1EC18E0F000C7BF8 /* User.swift */,
			);
			name = Objects;
			sourceTree = "<group>";
		};
		659D33454BC7D3EA8CC00395 /* Frameworks */ = {
			isa = PBXGroup;
			children = (
				0B51B9A432D48EDA6E635FDF /* Pods_Crative.framework */,
			);
			name = Frameworks;
			sourceTree = "<group>";
		};
		961542E0EA6FDF7EFC6AE661 /* Pods */ = {
			isa = PBXGroup;
			children = (
				CC4106E7503835AB1A2E5A0C /* Pods-Crative.debug.xcconfig */,
				5BD184CEAD2060375FCC45B4 /* Pods-Crative.release.xcconfig */,
			);
			name = Pods;
			sourceTree = "<group>";
		};
/* End PBXGroup section */

/* Begin PBXNativeTarget section */
		619D246A1EC16B0000BB518F /* Crative */ = {
			isa = PBXNativeTarget;
			buildConfigurationList = 619D247D1EC16B0100BB518F /* Build configuration list for PBXNativeTarget "Crative" */;
			buildPhases = (
				FE0A119CAD1C260736C92FE6 /* [CP] Check Pods Manifest.lock */,
				619D24671EC16B0000BB518F /* Sources */,
				619D24681EC16B0000BB518F /* Frameworks */,
				619D24691EC16B0000BB518F /* Resources */,
				89FDF11A5A9ADD2005D13DA4 /* [CP] Embed Pods Frameworks */,
				A2A88E60C3E68C745297CF4F /* [CP] Copy Pods Resources */,
			);
			buildRules = (
			);
			dependencies = (
			);
			name = Crative;
			productName = Crative;
			productReference = 619D246B1EC16B0100BB518F /* Crative.app */;
			productType = "com.apple.product-type.application";
		};
/* End PBXNativeTarget section */

/* Begin PBXProject section */
		619D24631EC16B0000BB518F /* Project object */ = {
			isa = PBXProject;
			attributes = {
				LastSwiftUpdateCheck = 0820;
				LastUpgradeCheck = 0820;
				ORGANIZATIONNAME = "Oskar Klonowski";
				TargetAttributes = {
					619D246A1EC16B0000BB518F = {
						CreatedOnToolsVersion = 8.2.1;
						DevelopmentTeam = LT9843EV6S;
						ProvisioningStyle = Automatic;
					};
				};
			};
			buildConfigurationList = 619D24661EC16B0000BB518F /* Build configuration list for PBXProject "Crative" */;
			compatibilityVersion = "Xcode 3.2";
			developmentRegion = English;
			hasScannedForEncodings = 0;
			knownRegions = (
				en,
				Base,
			);
			mainGroup = 619D24621EC16B0000BB518F;
			productRefGroup = 619D246C1EC16B0100BB518F /* Products */;
			projectDirPath = "";
			projectRoot = "";
			targets = (
				619D246A1EC16B0000BB518F /* Crative */,
			);
		};
/* End PBXProject section */

/* Begin PBXResourcesBuildPhase section */
		619D24691EC16B0000BB518F /* Resources */ = {
			isa = PBXResourcesBuildPhase;
			buildActionMask = 2147483647;
			files = (
				619D24791EC16B0100BB518F /* LaunchScreen.storyboard in Resources */,
				619D24811EC16BA000BB518F /* GoogleService-Info.plist in Resources */,
				619D24761EC16B0100BB518F /* Assets.xcassets in Resources */,
				619D24741EC16B0100BB518F /* Main.storyboard in Resources */,
			);
			runOnlyForDeploymentPostprocessing = 0;
		};
/* End PBXResourcesBuildPhase section */

/* Begin PBXShellScriptBuildPhase section */
		89FDF11A5A9ADD2005D13DA4 /* [CP] Embed Pods Frameworks */ = {
			isa = PBXShellScriptBuildPhase;
			buildActionMask = 2147483647;
			files = (
			);
			inputPaths = (
			);
			name = "[CP] Embed Pods Frameworks";
			outputPaths = (
			);
			runOnlyForDeploymentPostprocessing = 0;
			shellPath = /bin/sh;
			shellScript = "\"${SRCROOT}/Pods/Target Support Files/Pods-Crative/Pods-Crative-frameworks.sh\"\n";
			showEnvVarsInLog = 0;
		};
		A2A88E60C3E68C745297CF4F /* [CP] Copy Pods Resources */ = {
			isa = PBXShellScriptBuildPhase;
			buildActionMask = 2147483647;
			files = (
			);
			inputPaths = (
			);
			name = "[CP] Copy Pods Resources";
			outputPaths = (
			);
			runOnlyForDeploymentPostprocessing = 0;
			shellPath = /bin/sh;
			shellScript = "\"${SRCROOT}/Pods/Target Support Files/Pods-Crative/Pods-Crative-resources.sh\"\n";
			showEnvVarsInLog = 0;
		};
		FE0A119CAD1C260736C92FE6 /* [CP] Check Pods Manifest.lock */ = {
			isa = PBXShellScriptBuildPhase;
			buildActionMask = 2147483647;
			files = (
			);
			inputPaths = (
			);
			name = "[CP] Check Pods Manifest.lock";
			outputPaths = (
			);
			runOnlyForDeploymentPostprocessing = 0;
			shellPath = /bin/sh;
			shellScript = "diff \"${PODS_ROOT}/../Podfile.lock\" \"${PODS_ROOT}/Manifest.lock\" > /dev/null\nif [ $? != 0 ] ; then\n    # print error to STDERR\n    echo \"error: The sandbox is not in sync with the Podfile.lock. Run 'pod install' or update your CocoaPods installation.\" >&2\n    exit 1\nfi\n";
			showEnvVarsInLog = 0;
		};
/* End PBXShellScriptBuildPhase section */

/* Begin PBXSourcesBuildPhase section */
		619D24671EC16B0000BB518F /* Sources */ = {
			isa = PBXSourcesBuildPhase;
			buildActionMask = 2147483647;
			files = (
				61C321671EC189ED000C7BF8 /* UserCell.swift in Sources */,
				61C321711EC225D9000C7BF8 /* UploadViewController.swift in Sources */,
				61C321651EC183D4000C7BF8 /* LoginViewController.swift in Sources */,
				61C3216F1EC18E0F000C7BF8 /* User.swift in Sources */,
				61C321691EC18C0B000C7BF8 /* UsersViewController.swift in Sources */,
				61C321631EC170AA000C7BF8 /* SignupViewController.swift in Sources */,
				619D246F1EC16B0100BB518F /* AppDelegate.swift in Sources */,
			);
			runOnlyForDeploymentPostprocessing = 0;
		};
/* End PBXSourcesBuildPhase section */

/* Begin PBXVariantGroup section */
		619D24721EC16B0100BB518F /* Main.storyboard */ = {
			isa = PBXVariantGroup;
			children = (
				619D24731EC16B0100BB518F /* Base */,
			);
			name = Main.storyboard;
			sourceTree = "<group>";
		};
		619D24771EC16B0100BB518F /* LaunchScreen.storyboard */ = {
			isa = PBXVariantGroup;
			children = (
				619D24781EC16B0100BB518F /* Base */,
			);
			name = LaunchScreen.storyboard;
			sourceTree = "<group>";
		};
/* End PBXVariantGroup section */

/* Begin XCBuildConfiguration section */
		619D247B1EC16B0100BB518F /* Debug */ = {
			isa = XCBuildConfiguration;
			buildSettings = {
				ALWAYS_SEARCH_USER_PATHS = NO;
				CLANG_ANALYZER_NONNULL = YES;
				CLANG_CXX_LANGUAGE_STANDARD = "gnu++0x";
				CLANG_CXX_LIBRARY = "libc++";
				CLANG_ENABLE_MODULES = YES;
				CLANG_ENABLE_OBJC_ARC = YES;
				CLANG_WARN_BOOL_CONVERSION = YES;
				CLANG_WARN_CONSTANT_CONVERSION = YES;
				CLANG_WARN_DIRECT_OBJC_ISA_USAGE = YES_ERROR;
				CLANG_WARN_DOCUMENTATION_COMMENTS = YES;
				CLANG_WARN_EMPTY_BODY = YES;
				CLANG_WARN_ENUM_CONVERSION = YES;
				CLANG_WARN_INFINITE_RECURSION = YES;
				CLANG_WARN_INT_CONVERSION = YES;
				CLANG_WARN_OBJC_ROOT_CLASS = YES_ERROR;
				CLANG_WARN_SUSPICIOUS_MOVE = YES;
				CLANG_WARN_UNREACHABLE_CODE = YES;
				CLANG_WARN__DUPLICATE_METHOD_MATCH = YES;
				"CODE_SIGN_IDENTITY[sdk=iphoneos*]" = "iPhone Developer";
				COPY_PHASE_STRIP = NO;
				DEBUG_INFORMATION_FORMAT = dwarf;
				ENABLE_STRICT_OBJC_MSGSEND = YES;
				ENABLE_TESTABILITY = YES;
				GCC_C_LANGUAGE_STANDARD = gnu99;
				GCC_DYNAMIC_NO_PIC = NO;
				GCC_NO_COMMON_BLOCKS = YES;
				GCC_OPTIMIZATION_LEVEL = 0;
				GCC_PREPROCESSOR_DEFINITIONS = (
					"DEBUG=1",
					"$(inherited)",
				);
				GCC_WARN_64_TO_32_BIT_CONVERSION = YES;
				GCC_WARN_ABOUT_RETURN_TYPE = YES_ERROR;
				GCC_WARN_UNDECLARED_SELECTOR = YES;
				GCC_WARN_UNINITIALIZED_AUTOS = YES_AGGRESSIVE;
				GCC_WARN_UNUSED_FUNCTION = YES;
				GCC_WARN_UNUSED_VARIABLE = YES;
				IPHONEOS_DEPLOYMENT_TARGET = 10.2;
				MTL_ENABLE_DEBUG_INFO = YES;
				ONLY_ACTIVE_ARCH = YES;
				SDKROOT = iphoneos;
				SWIFT_ACTIVE_COMPILATION_CONDITIONS = DEBUG;
				SWIFT_OPTIMIZATION_LEVEL = "-Onone";
			};
			name = Debug;
		};
		619D247C1EC16B0100BB518F /* Release */ = {
			isa = XCBuildConfiguration;
			buildSettings = {
				ALWAYS_SEARCH_USER_PATHS = NO;
				CLANG_ANALYZER_NONNULL = YES;
				CLANG_CXX_LANGUAGE_STANDARD = "gnu++0x";
				CLANG_CXX_LIBRARY = "libc++";
				CLANG_ENABLE_MODULES = YES;
				CLANG_ENABLE_OBJC_ARC = YES;
				CLANG_WARN_BOOL_CONVERSION = YES;
				CLANG_WARN_CONSTANT_CONVERSION = YES;
				CLANG_WARN_DIRECT_OBJC_ISA_USAGE = YES_ERROR;
				CLANG_WARN_DOCUMENTATION_COMMENTS = YES;
				CLANG_WARN_EMPTY_BODY = YES;
				CLANG_WARN_ENUM_CONVERSION = YES;
				CLANG_WARN_INFINITE_RECURSION = YES;
				CLANG_WARN_INT_CONVERSION = YES;
				CLANG_WARN_OBJC_ROOT_CLASS = YES_ERROR;
				CLANG_WARN_SUSPICIOUS_MOVE = YES;
				CLANG_WARN_UNREACHABLE_CODE = YES;
				CLANG_WARN__DUPLICATE_METHOD_MATCH = YES;
				"CODE_SIGN_IDENTITY[sdk=iphoneos*]" = "iPhone Developer";
				COPY_PHASE_STRIP = NO;
				DEBUG_INFORMATION_FORMAT = "dwarf-with-dsym";
				ENABLE_NS_ASSERTIONS = NO;
				ENABLE_STRICT_OBJC_MSGSEND = YES;
				GCC_C_LANGUAGE_STANDARD = gnu99;
				GCC_NO_COMMON_BLOCKS = YES;
				GCC_WARN_64_TO_32_BIT_CONVERSION = YES;
				GCC_WARN_ABOUT_RETURN_TYPE = YES_ERROR;
				GCC_WARN_UNDECLARED_SELECTOR = YES;
				GCC_WARN_UNINITIALIZED_AUTOS = YES_AGGRESSIVE;
				GCC_WARN_UNUSED_FUNCTION = YES;
				GCC_WARN_UNUSED_VARIABLE = YES;
				IPHONEOS_DEPLOYMENT_TARGET = 10.2;
				MTL_ENABLE_DEBUG_INFO = NO;
				SDKROOT = iphoneos;
				SWIFT_OPTIMIZATION_LEVEL = "-Owholemodule";
				VALIDATE_PRODUCT = YES;
			};
			name = Release;
		};
		619D247E1EC16B0100BB518F /* Debug */ = {
			isa = XCBuildConfiguration;
			baseConfigurationReference = CC4106E7503835AB1A2E5A0C /* Pods-Crative.debug.xcconfig */;
			buildSettings = {
				ASSETCATALOG_COMPILER_APPICON_NAME = AppIcon;
				DEVELOPMENT_TEAM = LT9843EV6S;
				INFOPLIST_FILE = Crative/Info.plist;
				LD_RUNPATH_SEARCH_PATHS = "$(inherited) @executable_path/Frameworks";
				PRODUCT_BUNDLE_IDENTIFIER = com.oskarklonowski.Crative;
				PRODUCT_NAME = "$(TARGET_NAME)";
				SWIFT_VERSION = 3.0;
			};
			name = Debug;
		};
		619D247F1EC16B0100BB518F /* Release */ = {
			isa = XCBuildConfiguration;
			baseConfigurationReference = 5BD184CEAD2060375FCC45B4 /* Pods-Crative.release.xcconfig */;
			buildSettings = {
				ASSETCATALOG_COMPILER_APPICON_NAME = AppIcon;
				DEVELOPMENT_TEAM = LT9843EV6S;
				INFOPLIST_FILE = Crative/Info.plist;
				LD_RUNPATH_SEARCH_PATHS = "$(inherited) @executable_path/Frameworks";
				PRODUCT_BUNDLE_IDENTIFIER = com.oskarklonowski.Crative;
				PRODUCT_NAME = "$(TARGET_NAME)";
				SWIFT_VERSION = 3.0;
			};
			name = Release;
		};
/* End XCBuildConfiguration section */

/* Begin XCConfigurationList section */
		619D24661EC16B0000BB518F /* Build configuration list for PBXProject "Crative" */ = {
			isa = XCConfigurationList;
			buildConfigurations = (
				619D247B1EC16B0100BB518F /* Debug */,
				619D247C1EC16B0100BB518F /* Release */,
			);
			defaultConfigurationIsVisible = 0;
			defaultConfigurationName = Release;
		};
		619D247D1EC16B0100BB518F /* Build configuration list for PBXNativeTarget "Crative" */ = {
			isa = XCConfigurationList;
			buildConfigurations = (
				619D247E1EC16B0100BB518F /* Debug */,
				619D247F1EC16B0100BB518F /* Release */,
			);
			defaultConfigurationIsVisible = 0;
			defaultConfigurationName = Release;
		};
/* End XCConfigurationList section */
	};
	rootObject = 619D24631EC16B0000BB518F /* Project object */;
}
